
Microsoft Visual Studio Solution File, Format Version 12.00
# Visual Studio Version 17
VisualStudioVersion = 17.2.32630.192
MinimumVisualStudioVersion = 10.0.40219.1
Project("{FAE04EC0-301F-11D3-BF4B-00C04F79EFBC}") = "OCL.Users", "OCL.Users\OCL.Users.csproj", "{7DABBCC7-9F03-4E9A-9139-75735234D3E6}"
EndProject
Project("{FAE04EC0-301F-11D3-BF4B-00C04F79EFBC}") = "OCL.Products", "OCL.Products\OCL.Products.csproj", "{6003E6EA-7E16-4D34-9B08-CBBA54674A50}"
EndProject
Project("{FAE04EC0-301F-11D3-BF4B-00C04F79EFBC}") = "OCL.ApiGateway", "OCL.ApiGateway\OCL.ApiGateway.csproj", "{12548F69-5156-4417-82BE-F617DFCC7E64}"
EndProject
Global
	GlobalSection(SolutionConfigurationPlatforms) = preSolution
		Debug|Any CPU = Debug|Any CPU
		Release|Any CPU = Release|Any CPU
	EndGlobalSection
	GlobalSection(ProjectConfigurationPlatforms) = postSolution
		{7DABBCC7-9F03-4E9A-9139-75735234D3E6}.Debug|Any CPU.ActiveCfg = Debug|Any CPU
		{7DABBCC7-9F03-4E9A-9139-75735234D3E6}.Debug|Any CPU.Build.0 = Debug|Any CPU
		{7DABBCC7-9F03-4E9A-9139-75735234D3E6}.Release|Any CPU.ActiveCfg = Release|Any CPU
		{7DABBCC7-9F03-4E9A-9139-75735234D3E6}.Release|Any CPU.Build.0 = Release|Any CPU
		{6003E6EA-7E16-4D34-9B08-CBBA54674A50}.Debug|Any CPU.ActiveCfg = Debug|Any CPU
		{6003E6EA-7E16-4D34-9B08-CBBA54674A50}.Debug|Any CPU.Build.0 = Debug|Any CPU
		{6003E6EA-7E16-4D34-9B08-CBBA54674A50}.Release|Any CPU.ActiveCfg = Release|Any CPU
		{6003E6EA-7E16-4D34-9B08-CBBA54674A50}.Release|Any CPU.Build.0 = Release|Any CPU
		{12548F69-5156-4417-82BE-F617DFCC7E64}.Debug|Any CPU.ActiveCfg = Debug|Any CPU
		{12548F69-5156-4417-82BE-F617DFCC7E64}.Debug|Any CPU.Build.0 = Debug|Any CPU
		{12548F69-5156-4417-82BE-F617DFCC7E64}.Release|Any CPU.ActiveCfg = Release|Any CPU
		{12548F69-5156-4417-82BE-F617DFCC7E64}.Release|Any CPU.Build.0 = Release|Any CPU
	EndGlobalSection
	GlobalSection(SolutionProperties) = preSolution
		HideSolutionNode = FALSE
	EndGlobalSection
	GlobalSection(ExtensibilityGlobals) = postSolution
		SolutionGuid = {9D0E71EF-AF08-4C51-9B8D-F556D8A95011}
	EndGlobalSection
EndGlobal
